
Microsoft Visual Studio Solution File, Format Version 12.00
# Visual Studio 2013
VisualStudioVersion = 12.0.31101.0
MinimumVisualStudioVersion = 10.0.40219.1
Project("{FAE04EC0-301F-11D3-BF4B-00C04F79EFBC}") = "SampleProject_DataAccess", "SampleProject_DataAccess\SampleProject_DataAccess.csproj", "{D685BA4F-1F0B-410E-A18B-DFE6D52ACCC0}"
EndProject
Project("{FAE04EC0-301F-11D3-BF4B-00C04F79EFBC}") = "SampleProject_DataAccess.Tests", "SampleProject_DataAccess.Tests\SampleProject_DataAccess.Tests.csproj", "{C1AEF07D-FDE5-4F06-A27B-F3CE4CE10FCE}"
EndProject
Global
	GlobalSection(SolutionConfigurationPlatforms) = preSolution
		Debug|Any CPU = Debug|Any CPU
		Release|Any CPU = Release|Any CPU
	EndGlobalSection
	GlobalSection(ProjectConfigurationPlatforms) = postSolution
		{D685BA4F-1F0B-410E-A18B-DFE6D52ACCC0}.Debug|Any CPU.ActiveCfg = Debug|Any CPU
		{D685BA4F-1F0B-410E-A18B-DFE6D52ACCC0}.Debug|Any CPU.Build.0 = Debug|Any CPU
		{D685BA4F-1F0B-410E-A18B-DFE6D52ACCC0}.Release|Any CPU.ActiveCfg = Release|Any CPU
		{D685BA4F-1F0B-410E-A18B-DFE6D52ACCC0}.Release|Any CPU.Build.0 = Release|Any CPU
		{C1AEF07D-FDE5-4F06-A27B-F3CE4CE10FCE}.Debug|Any CPU.ActiveCfg = Debug|Any CPU
		{C1AEF07D-FDE5-4F06-A27B-F3CE4CE10FCE}.Debug|Any CPU.Build.0 = Debug|Any CPU
		{C1AEF07D-FDE5-4F06-A27B-F3CE4CE10FCE}.Release|Any CPU.ActiveCfg = Release|Any CPU
		{C1AEF07D-FDE5-4F06-A27B-F3CE4CE10FCE}.Release|Any CPU.Build.0 = Release|Any CPU
	EndGlobalSection
	GlobalSection(SolutionProperties) = preSolution
		HideSolutionNode = FALSE
	EndGlobalSection
EndGlobal
